
Microsoft Visual Studio Solution File, Format Version 12.00
# Visual Studio Version 17
VisualStudioVersion = 17.1.32228.430
MinimumVisualStudioVersion = 10.0.40219.1
Project("{2150E333-8FDC-42A3-9474-1A3956D46DE8}") = "ShopManagement", "ShopManagement", "{0A19731C-215E-4112-9231-CD354938D05F}"
EndProject
Project("{9A19103F-16F7-4668-BE54-9A1E7A4F7556}") = "0_FrameWork", "0_FrameWork\0_FrameWork.csproj", "{58710476-ECCF-46DD-A91B-965EBB8E48EA}"
EndProject
Project("{2150E333-8FDC-42A3-9474-1A3956D46DE8}") = "SM.Domain", "SM.Domain", "{B02D853C-86E1-4905-A2E8-9F803E2F3A0B}"
EndProject
Project("{9A19103F-16F7-4668-BE54-9A1E7A4F7556}") = "ShopManagement.Domain", "ShopManagement.Domain\ShopManagement.Domain.csproj", "{BDC833D5-8E32-4B9E-8901-753F3C4AC30E}"
EndProject
Project("{2150E333-8FDC-42A3-9474-1A3956D46DE8}") = "SM.Application", "SM.Application", "{DC260208-49C4-4CFC-A24B-0FF05630A5FA}"
EndProject
Project("{9A19103F-16F7-4668-BE54-9A1E7A4F7556}") = "ShopManagement.Application.Contracts", "ShopManagement.Application.Contracts\ShopManagement.Application.Contracts.csproj", "{39234260-BD9B-448A-AEB5-B57965366120}"
EndProject
Project("{9A19103F-16F7-4668-BE54-9A1E7A4F7556}") = "ShopManagement.Application", "ShopManagement.Application\ShopManagement.Application.csproj", "{9F6C09A8-162D-492A-AACE-D7358E7283EA}"
EndProject
Project("{2150E333-8FDC-42A3-9474-1A3956D46DE8}") = "SM.Infrastructure", "SM.Infrastructure", "{926744F7-AC4D-44A5-9692-55B433B441A4}"
EndProject
Project("{9A19103F-16F7-4668-BE54-9A1E7A4F7556}") = "ShioManagement.Infrastructure.EfCore", "ShioManagement.Infrastructure.EfCore\ShioManagement.Infrastructure.EfCore.csproj", "{9DAA66C3-43CD-4425-B771-48BBDE485411}"
EndProject
Project("{9A19103F-16F7-4668-BE54-9A1E7A4F7556}") = "ShopManagement.Configuration", "ShopManagement.Configuration\ShopManagement.Configuration.csproj", "{D85507EB-070A-464C-8C7F-9678641EB871}"
EndProject
Project("{9A19103F-16F7-4668-BE54-9A1E7A4F7556}") = "ServiceHost", "ServiceHost\ServiceHost.csproj", "{415B1ADD-A2B0-4C95-89D8-EF83021EC590}"
EndProject
Project("{9A19103F-16F7-4668-BE54-9A1E7A4F7556}") = "01_LampshadeQuery", "01_LampshadeQuery\01_LampshadeQuery.csproj", "{8E2E4C5E-1447-46F8-9E1C-2F5816681A25}"
EndProject
Project("{2150E333-8FDC-42A3-9474-1A3956D46DE8}") = "DiscountManagement", "DiscountManagement", "{7F6CD547-661C-4BB1-979E-32E2FEE70CC8}"
EndProject
Project("{2150E333-8FDC-42A3-9474-1A3956D46DE8}") = "DM.Domain", "DM.Domain", "{97DF1A8D-CCB3-49DC-A143-DFF3D6CD554E}"
EndProject
Project("{9A19103F-16F7-4668-BE54-9A1E7A4F7556}") = "DiscountManagement.Domain", "DiscountManagement.Domain\DiscountManagement.Domain.csproj", "{CC19BA96-6C16-4859-A690-C438A0935E6E}"
EndProject
Project("{2150E333-8FDC-42A3-9474-1A3956D46DE8}") = "DM.Application", "DM.Application", "{D5F24D30-4148-4E5B-B090-FE6B736CB00F}"
EndProject
Project("{9A19103F-16F7-4668-BE54-9A1E7A4F7556}") = "DiscountManagement.Application.Contract", "DiscountManagement.Application.Contract\DiscountManagement.Application.Contract.csproj", "{BA24442A-E526-411C-8186-D4B9B45E7261}"
EndProject
Project("{9A19103F-16F7-4668-BE54-9A1E7A4F7556}") = "DiscountMangement.Application", "DiscountMangement.Application\DiscountMangement.Application.csproj", "{6664E00B-E5F0-4591-90B7-467630137D65}"
EndProject
Project("{2150E333-8FDC-42A3-9474-1A3956D46DE8}") = "DM.Infrustructure", "DM.Infrustructure", "{43D5950B-5221-48C7-A574-947EB22C887E}"
EndProject
Project("{9A19103F-16F7-4668-BE54-9A1E7A4F7556}") = "DiscountManagement.Infrustructure.EfCore", "DiscountManagement.Infrustructure.EfCore\DiscountManagement.Infrustructure.EfCore.csproj", "{41090F95-5807-4809-AF24-32702768632F}"
EndProject
Project("{9A19103F-16F7-4668-BE54-9A1E7A4F7556}") = "DiscountManagement.Configuration", "DiscountManagement.Configuration\DiscountManagement.Configuration.csproj", "{4A6E4107-906F-4024-966B-757E5760A824}"
EndProject
Project("{2150E333-8FDC-42A3-9474-1A3956D46DE8}") = "InventoryManagement", "InventoryManagement", "{AAA11C77-4BB8-4FDE-B651-1F4537E6BC71}"
EndProject
Project("{2150E333-8FDC-42A3-9474-1A3956D46DE8}") = "IM.Domain", "IM.Domain", "{4E26A23C-B0F5-4B2A-B8A8-44721BC9A472}"
EndProject
Project("{9A19103F-16F7-4668-BE54-9A1E7A4F7556}") = "InventoryMangement.Domain", "InventoryMangement.Domain\InventoryMangement.Domain.csproj", "{DE77F27E-F881-4AE6-B9FB-9CB42B0121B3}"
EndProject
Project("{2150E333-8FDC-42A3-9474-1A3956D46DE8}") = "IM.Application", "IM.Application", "{66B703F2-0A94-4BF9-AA76-1490643AC125}"
EndProject
Project("{9A19103F-16F7-4668-BE54-9A1E7A4F7556}") = "InventoryManagement.Application.Contract", "InventoryManagement.Application.Contract\InventoryManagement.Application.Contract.csproj", "{7B3660BE-2030-41ED-ABFD-1D53D3E91E92}"
EndProject
Project("{2150E333-8FDC-42A3-9474-1A3956D46DE8}") = "IM.Infrustructure", "IM.Infrustructure", "{FA953776-40BE-4D4D-9712-133679A22D18}"
EndProject
Project("{9A19103F-16F7-4668-BE54-9A1E7A4F7556}") = "InventoryManagement.Infrustructure.EfCore", "InventoryManagement.Infrustructure.EfCore\InventoryManagement.Infrustructure.EfCore.csproj", "{97F4532E-12A3-4305-AF5E-C90BF59C252D}"
EndProject
Project("{9A19103F-16F7-4668-BE54-9A1E7A4F7556}") = "InventoryManagement.Infrustructure.Configuration", "InventoryManagement.Infrustructure.Configuration\InventoryManagement.Infrustructure.Configuration.csproj", "{FFE321EA-F80E-4C69-9F8C-614C6AF3984B}"
EndProject
Project("{9A19103F-16F7-4668-BE54-9A1E7A4F7556}") = "InventoryManagement.Application", "InventoryManagement.Application\InventoryManagement.Application.csproj", "{E3E34C40-3100-439B-97E0-3B6F4B09CBCD}"
EndProject
Project("{2150E333-8FDC-42A3-9474-1A3956D46DE8}") = "BlogManagrment", "BlogManagrment", "{EB082192-DB97-49A0-9E4E-AD68B3D054BD}"
EndProject
Project("{2150E333-8FDC-42A3-9474-1A3956D46DE8}") = "BM.Domain", "BM.Domain", "{5BA472BA-9EF8-4C90-90ED-F66C9174964A}"
EndProject
Project("{9A19103F-16F7-4668-BE54-9A1E7A4F7556}") = "BlogManagement.Domain", "BlogManagement.Domain\BlogManagement.Domain.csproj", "{DD43734B-B190-48E8-B5BB-71AE23ABEC4B}"
EndProject
Project("{2150E333-8FDC-42A3-9474-1A3956D46DE8}") = "BM.Application", "BM.Application", "{7F6C2796-C058-4EAC-A888-9B8D50D2EEE8}"
EndProject
Project("{9A19103F-16F7-4668-BE54-9A1E7A4F7556}") = "BlogMangement.Application.Contracts", "BlogMangement.Application.Contracts\BlogMangement.Application.Contracts.csproj", "{60F935CD-8031-4148-89E5-52653F02C437}"
EndProject
Project("{9A19103F-16F7-4668-BE54-9A1E7A4F7556}") = "BlogManagement.Application", "BlogManagement.Application\BlogManagement.Application.csproj", "{F1015DEE-EF98-472A-A0E8-2656C73C1D78}"
EndProject
Project("{2150E333-8FDC-42A3-9474-1A3956D46DE8}") = "BM.Infrastructure", "BM.Infrastructure", "{D4D5EC17-966B-41EC-9B7E-C9CC1BFA1A9D}"
EndProject
Project("{9A19103F-16F7-4668-BE54-9A1E7A4F7556}") = "BlogManagement.Infrastructure.EfCore", "BlogManagement.Infrastructure.EfCore\BlogManagement.Infrastructure.EfCore.csproj", "{1D8CFCF5-126A-457C-912A-50F82FE079FE}"
EndProject
Project("{9A19103F-16F7-4668-BE54-9A1E7A4F7556}") = "BlogManagement.Infrastructure.Configuration", "BlogManagement.Infrastructure.Configuration\BlogManagement.Infrastructure.Configuration.csproj", "{A52D4B7D-BD0B-4FDB-ABC4-30F5B4325625}"
EndProject
Project("{2150E333-8FDC-42A3-9474-1A3956D46DE8}") = "CommentManagement", "CommentManagement", "{6B091D70-CAAF-4A0F-B7EA-5E1EE9C52C78}"
EndProject
Project("{2150E333-8FDC-42A3-9474-1A3956D46DE8}") = "CM.Domain", "CM.Domain", "{03410977-CB31-414D-AC04-F5FD06B7DE6B}"
EndProject
Project("{FAE04EC0-301F-11D3-BF4B-00C04F79EFBC}") = "CommentManagement.Domain", "CommentManagement.Domain\CommentManagement.Domain.csproj", "{12B1A532-5515-4EDA-AD2F-0C6891C8EEAB}"
EndProject
Project("{2150E333-8FDC-42A3-9474-1A3956D46DE8}") = "CM.Application", "CM.Application", "{88524D10-BD9B-4560-A344-D8A31E2D60ED}"
EndProject
Project("{FAE04EC0-301F-11D3-BF4B-00C04F79EFBC}") = "CommentManagement.Application.Contract", "CommentManagement.Application.Contract\CommentManagement.Application.Contract.csproj", "{D0F62EAB-65B4-408A-9B68-747AD0CAB592}"
EndProject
Project("{FAE04EC0-301F-11D3-BF4B-00C04F79EFBC}") = "CommentManagement.Application", "CommentManagement.Application\CommentManagement.Application.csproj", "{1FF18E37-2D15-4CCB-8821-2B995A53B4D4}"
EndProject
Project("{2150E333-8FDC-42A3-9474-1A3956D46DE8}") = "CM.Infrastructure", "CM.Infrastructure", "{9A223764-2979-4A49-AB1D-23AA835750E0}"
EndProject
Project("{FAE04EC0-301F-11D3-BF4B-00C04F79EFBC}") = "CommentManagement.Infrastructure.EfCore", "CommentManagement.Infrastructure.EfCore\CommentManagement.Infrastructure.EfCore.csproj", "{EDAAF5B4-E32B-408D-8225-F41A988D9E4A}"
EndProject
Project("{FAE04EC0-301F-11D3-BF4B-00C04F79EFBC}") = "CommentManagement.Infrastructure.Configuration", "CommentManagement.Infrastructure.Configuration\CommentManagement.Infrastructure.Configuration.csproj", "{E1AAE82B-BB50-4CA5-A3E6-AF8A56160D48}"
EndProject
Global
	GlobalSection(SolutionConfigurationPlatforms) = preSolution
		Debug|Any CPU = Debug|Any CPU
		Release|Any CPU = Release|Any CPU
	EndGlobalSection
	GlobalSection(ProjectConfigurationPlatforms) = postSolution
		{58710476-ECCF-46DD-A91B-965EBB8E48EA}.Debug|Any CPU.ActiveCfg = Debug|Any CPU
		{58710476-ECCF-46DD-A91B-965EBB8E48EA}.Debug|Any CPU.Build.0 = Debug|Any CPU
		{58710476-ECCF-46DD-A91B-965EBB8E48EA}.Release|Any CPU.ActiveCfg = Release|Any CPU
		{58710476-ECCF-46DD-A91B-965EBB8E48EA}.Release|Any CPU.Build.0 = Release|Any CPU
		{BDC833D5-8E32-4B9E-8901-753F3C4AC30E}.Debug|Any CPU.ActiveCfg = Debug|Any CPU
		{BDC833D5-8E32-4B9E-8901-753F3C4AC30E}.Debug|Any CPU.Build.0 = Debug|Any CPU
		{BDC833D5-8E32-4B9E-8901-753F3C4AC30E}.Release|Any CPU.ActiveCfg = Release|Any CPU
		{BDC833D5-8E32-4B9E-8901-753F3C4AC30E}.Release|Any CPU.Build.0 = Release|Any CPU
		{39234260-BD9B-448A-AEB5-B57965366120}.Debug|Any CPU.ActiveCfg = Debug|Any CPU
		{39234260-BD9B-448A-AEB5-B57965366120}.Debug|Any CPU.Build.0 = Debug|Any CPU
		{39234260-BD9B-448A-AEB5-B57965366120}.Release|Any CPU.ActiveCfg = Release|Any CPU
		{39234260-BD9B-448A-AEB5-B57965366120}.Release|Any CPU.Build.0 = Release|Any CPU
		{9F6C09A8-162D-492A-AACE-D7358E7283EA}.Debug|Any CPU.ActiveCfg = Debug|Any CPU
		{9F6C09A8-162D-492A-AACE-D7358E7283EA}.Debug|Any CPU.Build.0 = Debug|Any CPU
		{9F6C09A8-162D-492A-AACE-D7358E7283EA}.Release|Any CPU.ActiveCfg = Release|Any CPU
		{9F6C09A8-162D-492A-AACE-D7358E7283EA}.Release|Any CPU.Build.0 = Release|Any CPU
		{9DAA66C3-43CD-4425-B771-48BBDE485411}.Debug|Any CPU.ActiveCfg = Debug|Any CPU
		{9DAA66C3-43CD-4425-B771-48BBDE485411}.Debug|Any CPU.Build.0 = Debug|Any CPU
		{9DAA66C3-43CD-4425-B771-48BBDE485411}.Release|Any CPU.ActiveCfg = Release|Any CPU
		{9DAA66C3-43CD-4425-B771-48BBDE485411}.Release|Any CPU.Build.0 = Release|Any CPU
		{D85507EB-070A-464C-8C7F-9678641EB871}.Debug|Any CPU.ActiveCfg = Debug|Any CPU
		{D85507EB-070A-464C-8C7F-9678641EB871}.Debug|Any CPU.Build.0 = Debug|Any CPU
		{D85507EB-070A-464C-8C7F-9678641EB871}.Release|Any CPU.ActiveCfg = Release|Any CPU
		{D85507EB-070A-464C-8C7F-9678641EB871}.Release|Any CPU.Build.0 = Release|Any CPU
		{415B1ADD-A2B0-4C95-89D8-EF83021EC590}.Debug|Any CPU.ActiveCfg = Debug|Any CPU
		{415B1ADD-A2B0-4C95-89D8-EF83021EC590}.Debug|Any CPU.Build.0 = Debug|Any CPU
		{415B1ADD-A2B0-4C95-89D8-EF83021EC590}.Release|Any CPU.ActiveCfg = Release|Any CPU
		{415B1ADD-A2B0-4C95-89D8-EF83021EC590}.Release|Any CPU.Build.0 = Release|Any CPU
		{8E2E4C5E-1447-46F8-9E1C-2F5816681A25}.Debug|Any CPU.ActiveCfg = Debug|Any CPU
		{8E2E4C5E-1447-46F8-9E1C-2F5816681A25}.Debug|Any CPU.Build.0 = Debug|Any CPU
		{8E2E4C5E-1447-46F8-9E1C-2F5816681A25}.Release|Any CPU.ActiveCfg = Release|Any CPU
		{8E2E4C5E-1447-46F8-9E1C-2F5816681A25}.Release|Any CPU.Build.0 = Release|Any CPU
		{CC19BA96-6C16-4859-A690-C438A0935E6E}.Debug|Any CPU.ActiveCfg = Debug|Any CPU
		{CC19BA96-6C16-4859-A690-C438A0935E6E}.Debug|Any CPU.Build.0 = Debug|Any CPU
		{CC19BA96-6C16-4859-A690-C438A0935E6E}.Release|Any CPU.ActiveCfg = Release|Any CPU
		{CC19BA96-6C16-4859-A690-C438A0935E6E}.Release|Any CPU.Build.0 = Release|Any CPU
		{BA24442A-E526-411C-8186-D4B9B45E7261}.Debug|Any CPU.ActiveCfg = Debug|Any CPU
		{BA24442A-E526-411C-8186-D4B9B45E7261}.Debug|Any CPU.Build.0 = Debug|Any CPU
		{BA24442A-E526-411C-8186-D4B9B45E7261}.Release|Any CPU.ActiveCfg = Release|Any CPU
		{BA24442A-E526-411C-8186-D4B9B45E7261}.Release|Any CPU.Build.0 = Release|Any CPU
		{6664E00B-E5F0-4591-90B7-467630137D65}.Debug|Any CPU.ActiveCfg = Debug|Any CPU
		{6664E00B-E5F0-4591-90B7-467630137D65}.Debug|Any CPU.Build.0 = Debug|Any CPU
		{6664E00B-E5F0-4591-90B7-467630137D65}.Release|Any CPU.ActiveCfg = Release|Any CPU
		{6664E00B-E5F0-4591-90B7-467630137D65}.Release|Any CPU.Build.0 = Release|Any CPU
		{41090F95-5807-4809-AF24-32702768632F}.Debug|Any CPU.ActiveCfg = Debug|Any CPU
		{41090F95-5807-4809-AF24-32702768632F}.Debug|Any CPU.Build.0 = Debug|Any CPU
		{41090F95-5807-4809-AF24-32702768632F}.Release|Any CPU.ActiveCfg = Release|Any CPU
		{41090F95-5807-4809-AF24-32702768632F}.Release|Any CPU.Build.0 = Release|Any CPU
		{4A6E4107-906F-4024-966B-757E5760A824}.Debug|Any CPU.ActiveCfg = Debug|Any CPU
		{4A6E4107-906F-4024-966B-757E5760A824}.Debug|Any CPU.Build.0 = Debug|Any CPU
		{4A6E4107-906F-4024-966B-757E5760A824}.Release|Any CPU.ActiveCfg = Release|Any CPU
		{4A6E4107-906F-4024-966B-757E5760A824}.Release|Any CPU.Build.0 = Release|Any CPU
		{DE77F27E-F881-4AE6-B9FB-9CB42B0121B3}.Debug|Any CPU.ActiveCfg = Debug|Any CPU
		{DE77F27E-F881-4AE6-B9FB-9CB42B0121B3}.Debug|Any CPU.Build.0 = Debug|Any CPU
		{DE77F27E-F881-4AE6-B9FB-9CB42B0121B3}.Release|Any CPU.ActiveCfg = Release|Any CPU
		{DE77F27E-F881-4AE6-B9FB-9CB42B0121B3}.Release|Any CPU.Build.0 = Release|Any CPU
		{7B3660BE-2030-41ED-ABFD-1D53D3E91E92}.Debug|Any CPU.ActiveCfg = Debug|Any CPU
		{7B3660BE-2030-41ED-ABFD-1D53D3E91E92}.Debug|Any CPU.Build.0 = Debug|Any CPU
		{7B3660BE-2030-41ED-ABFD-1D53D3E91E92}.Release|Any CPU.ActiveCfg = Release|Any CPU
		{7B3660BE-2030-41ED-ABFD-1D53D3E91E92}.Release|Any CPU.Build.0 = Release|Any CPU
		{97F4532E-12A3-4305-AF5E-C90BF59C252D}.Debug|Any CPU.ActiveCfg = Debug|Any CPU
		{97F4532E-12A3-4305-AF5E-C90BF59C252D}.Debug|Any CPU.Build.0 = Debug|Any CPU
		{97F4532E-12A3-4305-AF5E-C90BF59C252D}.Release|Any CPU.ActiveCfg = Release|Any CPU
		{97F4532E-12A3-4305-AF5E-C90BF59C252D}.Release|Any CPU.Build.0 = Release|Any CPU
		{FFE321EA-F80E-4C69-9F8C-614C6AF3984B}.Debug|Any CPU.ActiveCfg = Debug|Any CPU
		{FFE321EA-F80E-4C69-9F8C-614C6AF3984B}.Debug|Any CPU.Build.0 = Debug|Any CPU
		{FFE321EA-F80E-4C69-9F8C-614C6AF3984B}.Release|Any CPU.ActiveCfg = Release|Any CPU
		{FFE321EA-F80E-4C69-9F8C-614C6AF3984B}.Release|Any CPU.Build.0 = Release|Any CPU
		{E3E34C40-3100-439B-97E0-3B6F4B09CBCD}.Debug|Any CPU.ActiveCfg = Debug|Any CPU
		{E3E34C40-3100-439B-97E0-3B6F4B09CBCD}.Debug|Any CPU.Build.0 = Debug|Any CPU
		{E3E34C40-3100-439B-97E0-3B6F4B09CBCD}.Release|Any CPU.ActiveCfg = Release|Any CPU
		{E3E34C40-3100-439B-97E0-3B6F4B09CBCD}.Release|Any CPU.Build.0 = Release|Any CPU
		{DD43734B-B190-48E8-B5BB-71AE23ABEC4B}.Debug|Any CPU.ActiveCfg = Debug|Any CPU
		{DD43734B-B190-48E8-B5BB-71AE23ABEC4B}.Debug|Any CPU.Build.0 = Debug|Any CPU
		{DD43734B-B190-48E8-B5BB-71AE23ABEC4B}.Release|Any CPU.ActiveCfg = Release|Any CPU
		{DD43734B-B190-48E8-B5BB-71AE23ABEC4B}.Release|Any CPU.Build.0 = Release|Any CPU
		{60F935CD-8031-4148-89E5-52653F02C437}.Debug|Any CPU.ActiveCfg = Debug|Any CPU
		{60F935CD-8031-4148-89E5-52653F02C437}.Debug|Any CPU.Build.0 = Debug|Any CPU
		{60F935CD-8031-4148-89E5-52653F02C437}.Release|Any CPU.ActiveCfg = Release|Any CPU
		{60F935CD-8031-4148-89E5-52653F02C437}.Release|Any CPU.Build.0 = Release|Any CPU
		{F1015DEE-EF98-472A-A0E8-2656C73C1D78}.Debug|Any CPU.ActiveCfg = Debug|Any CPU
		{F1015DEE-EF98-472A-A0E8-2656C73C1D78}.Debug|Any CPU.Build.0 = Debug|Any CPU
		{F1015DEE-EF98-472A-A0E8-2656C73C1D78}.Release|Any CPU.ActiveCfg = Release|Any CPU
		{F1015DEE-EF98-472A-A0E8-2656C73C1D78}.Release|Any CPU.Build.0 = Release|Any CPU
		{1D8CFCF5-126A-457C-912A-50F82FE079FE}.Debug|Any CPU.ActiveCfg = Debug|Any CPU
		{1D8CFCF5-126A-457C-912A-50F82FE079FE}.Debug|Any CPU.Build.0 = Debug|Any CPU
		{1D8CFCF5-126A-457C-912A-50F82FE079FE}.Release|Any CPU.ActiveCfg = Release|Any CPU
		{1D8CFCF5-126A-457C-912A-50F82FE079FE}.Release|Any CPU.Build.0 = Release|Any CPU
		{A52D4B7D-BD0B-4FDB-ABC4-30F5B4325625}.Debug|Any CPU.ActiveCfg = Debug|Any CPU
		{A52D4B7D-BD0B-4FDB-ABC4-30F5B4325625}.Debug|Any CPU.Build.0 = Debug|Any CPU
		{A52D4B7D-BD0B-4FDB-ABC4-30F5B4325625}.Release|Any CPU.ActiveCfg = Release|Any CPU
		{A52D4B7D-BD0B-4FDB-ABC4-30F5B4325625}.Release|Any CPU.Build.0 = Release|Any CPU
		{12B1A532-5515-4EDA-AD2F-0C6891C8EEAB}.Debug|Any CPU.ActiveCfg = Debug|Any CPU
		{12B1A532-5515-4EDA-AD2F-0C6891C8EEAB}.Debug|Any CPU.Build.0 = Debug|Any CPU
		{12B1A532-5515-4EDA-AD2F-0C6891C8EEAB}.Release|Any CPU.ActiveCfg = Release|Any CPU
		{12B1A532-5515-4EDA-AD2F-0C6891C8EEAB}.Release|Any CPU.Build.0 = Release|Any CPU
		{D0F62EAB-65B4-408A-9B68-747AD0CAB592}.Debug|Any CPU.ActiveCfg = Debug|Any CPU
		{D0F62EAB-65B4-408A-9B68-747AD0CAB592}.Debug|Any CPU.Build.0 = Debug|Any CPU
		{D0F62EAB-65B4-408A-9B68-747AD0CAB592}.Release|Any CPU.ActiveCfg = Release|Any CPU
		{D0F62EAB-65B4-408A-9B68-747AD0CAB592}.Release|Any CPU.Build.0 = Release|Any CPU
		{1FF18E37-2D15-4CCB-8821-2B995A53B4D4}.Debug|Any CPU.ActiveCfg = Debug|Any CPU
		{1FF18E37-2D15-4CCB-8821-2B995A53B4D4}.Debug|Any CPU.Build.0 = Debug|Any CPU
		{1FF18E37-2D15-4CCB-8821-2B995A53B4D4}.Release|Any CPU.ActiveCfg = Release|Any CPU
		{1FF18E37-2D15-4CCB-8821-2B995A53B4D4}.Release|Any CPU.Build.0 = Release|Any CPU
		{EDAAF5B4-E32B-408D-8225-F41A988D9E4A}.Debug|Any CPU.ActiveCfg = Debug|Any CPU
		{EDAAF5B4-E32B-408D-8225-F41A988D9E4A}.Debug|Any CPU.Build.0 = Debug|Any CPU
		{EDAAF5B4-E32B-408D-8225-F41A988D9E4A}.Release|Any CPU.ActiveCfg = Release|Any CPU
		{EDAAF5B4-E32B-408D-8225-F41A988D9E4A}.Release|Any CPU.Build.0 = Release|Any CPU
		{E1AAE82B-BB50-4CA5-A3E6-AF8A56160D48}.Debug|Any CPU.ActiveCfg = Debug|Any CPU
		{E1AAE82B-BB50-4CA5-A3E6-AF8A56160D48}.Debug|Any CPU.Build.0 = Debug|Any CPU
		{E1AAE82B-BB50-4CA5-A3E6-AF8A56160D48}.Release|Any CPU.ActiveCfg = Release|Any CPU
		{E1AAE82B-BB50-4CA5-A3E6-AF8A56160D48}.Release|Any CPU.Build.0 = Release|Any CPU
	EndGlobalSection
	GlobalSection(SolutionProperties) = preSolution
		HideSolutionNode = FALSE
	EndGlobalSection
	GlobalSection(NestedProjects) = preSolution
		{B02D853C-86E1-4905-A2E8-9F803E2F3A0B} = {0A19731C-215E-4112-9231-CD354938D05F}
		{BDC833D5-8E32-4B9E-8901-753F3C4AC30E} = {B02D853C-86E1-4905-A2E8-9F803E2F3A0B}
		{DC260208-49C4-4CFC-A24B-0FF05630A5FA} = {0A19731C-215E-4112-9231-CD354938D05F}
		{39234260-BD9B-448A-AEB5-B57965366120} = {DC260208-49C4-4CFC-A24B-0FF05630A5FA}
		{9F6C09A8-162D-492A-AACE-D7358E7283EA} = {DC260208-49C4-4CFC-A24B-0FF05630A5FA}
		{926744F7-AC4D-44A5-9692-55B433B441A4} = {0A19731C-215E-4112-9231-CD354938D05F}
		{9DAA66C3-43CD-4425-B771-48BBDE485411} = {926744F7-AC4D-44A5-9692-55B433B441A4}
		{D85507EB-070A-464C-8C7F-9678641EB871} = {926744F7-AC4D-44A5-9692-55B433B441A4}
		{97DF1A8D-CCB3-49DC-A143-DFF3D6CD554E} = {7F6CD547-661C-4BB1-979E-32E2FEE70CC8}
		{CC19BA96-6C16-4859-A690-C438A0935E6E} = {97DF1A8D-CCB3-49DC-A143-DFF3D6CD554E}
		{D5F24D30-4148-4E5B-B090-FE6B736CB00F} = {7F6CD547-661C-4BB1-979E-32E2FEE70CC8}
		{BA24442A-E526-411C-8186-D4B9B45E7261} = {D5F24D30-4148-4E5B-B090-FE6B736CB00F}
		{6664E00B-E5F0-4591-90B7-467630137D65} = {D5F24D30-4148-4E5B-B090-FE6B736CB00F}
		{43D5950B-5221-48C7-A574-947EB22C887E} = {7F6CD547-661C-4BB1-979E-32E2FEE70CC8}
		{41090F95-5807-4809-AF24-32702768632F} = {43D5950B-5221-48C7-A574-947EB22C887E}
		{4A6E4107-906F-4024-966B-757E5760A824} = {43D5950B-5221-48C7-A574-947EB22C887E}
		{4E26A23C-B0F5-4B2A-B8A8-44721BC9A472} = {AAA11C77-4BB8-4FDE-B651-1F4537E6BC71}
		{DE77F27E-F881-4AE6-B9FB-9CB42B0121B3} = {4E26A23C-B0F5-4B2A-B8A8-44721BC9A472}
		{66B703F2-0A94-4BF9-AA76-1490643AC125} = {AAA11C77-4BB8-4FDE-B651-1F4537E6BC71}
		{7B3660BE-2030-41ED-ABFD-1D53D3E91E92} = {66B703F2-0A94-4BF9-AA76-1490643AC125}
		{FA953776-40BE-4D4D-9712-133679A22D18} = {AAA11C77-4BB8-4FDE-B651-1F4537E6BC71}
		{97F4532E-12A3-4305-AF5E-C90BF59C252D} = {FA953776-40BE-4D4D-9712-133679A22D18}
		{FFE321EA-F80E-4C69-9F8C-614C6AF3984B} = {FA953776-40BE-4D4D-9712-133679A22D18}
		{E3E34C40-3100-439B-97E0-3B6F4B09CBCD} = {66B703F2-0A94-4BF9-AA76-1490643AC125}
		{5BA472BA-9EF8-4C90-90ED-F66C9174964A} = {EB082192-DB97-49A0-9E4E-AD68B3D054BD}
		{DD43734B-B190-48E8-B5BB-71AE23ABEC4B} = {5BA472BA-9EF8-4C90-90ED-F66C9174964A}
		{7F6C2796-C058-4EAC-A888-9B8D50D2EEE8} = {EB082192-DB97-49A0-9E4E-AD68B3D054BD}
		{60F935CD-8031-4148-89E5-52653F02C437} = {7F6C2796-C058-4EAC-A888-9B8D50D2EEE8}
		{F1015DEE-EF98-472A-A0E8-2656C73C1D78} = {7F6C2796-C058-4EAC-A888-9B8D50D2EEE8}
		{D4D5EC17-966B-41EC-9B7E-C9CC1BFA1A9D} = {EB082192-DB97-49A0-9E4E-AD68B3D054BD}
		{1D8CFCF5-126A-457C-912A-50F82FE079FE} = {D4D5EC17-966B-41EC-9B7E-C9CC1BFA1A9D}
		{A52D4B7D-BD0B-4FDB-ABC4-30F5B4325625} = {D4D5EC17-966B-41EC-9B7E-C9CC1BFA1A9D}
		{03410977-CB31-414D-AC04-F5FD06B7DE6B} = {6B091D70-CAAF-4A0F-B7EA-5E1EE9C52C78}
		{12B1A532-5515-4EDA-AD2F-0C6891C8EEAB} = {03410977-CB31-414D-AC04-F5FD06B7DE6B}
		{88524D10-BD9B-4560-A344-D8A31E2D60ED} = {6B091D70-CAAF-4A0F-B7EA-5E1EE9C52C78}
		{D0F62EAB-65B4-408A-9B68-747AD0CAB592} = {88524D10-BD9B-4560-A344-D8A31E2D60ED}
		{1FF18E37-2D15-4CCB-8821-2B995A53B4D4} = {88524D10-BD9B-4560-A344-D8A31E2D60ED}
		{9A223764-2979-4A49-AB1D-23AA835750E0} = {6B091D70-CAAF-4A0F-B7EA-5E1EE9C52C78}
		{EDAAF5B4-E32B-408D-8225-F41A988D9E4A} = {9A223764-2979-4A49-AB1D-23AA835750E0}
		{E1AAE82B-BB50-4CA5-A3E6-AF8A56160D48} = {9A223764-2979-4A49-AB1D-23AA835750E0}
	EndGlobalSection
	GlobalSection(ExtensibilityGlobals) = postSolution
		SolutionGuid = {284FCF51-5814-4578-B5A8-AC6CB844811F}
	EndGlobalSection
EndGlobal
